// !$*UTF8*$!
{
	archiveVersion = 1;
	classes = {
	};
	objectVersion = 46;
	objects = {

/* Begin PBXBuildFile section */
		D2AE711C183AB37600551ECC /* MapViewController.m in Sources */ = {isa = PBXBuildFile; fileRef = D2AE711B183AB37600551ECC /* MapViewController.m */; };
		FB2042FB184388DE00E1D46A /* AnnotationTableViewController.m in Sources */ = {isa = PBXBuildFile; fileRef = FB2042FA184388DE00E1D46A /* AnnotationTableViewController.m */; };
		FB24DEB6183E37E4003262CB /* Declaration.m in Sources */ = {isa = PBXBuildFile; fileRef = FB24DEB5183E37E4003262CB /* Declaration.m */; };
		FB526A54183BA3E3007AB734 /* UIImage+ImageEffects.m in Sources */ = {isa = PBXBuildFile; fileRef = FB526A53183BA3E3007AB734 /* UIImage+ImageEffects.m */; };
		FB526A58183CF2D7007AB734 /* Localizable.strings in Resources */ = {isa = PBXBuildFile; fileRef = FB526A5A183CF2D7007AB734 /* Localizable.strings */; };
		FB588343183A115F001D7E29 /* Foundation.framework in Frameworks */ = {isa = PBXBuildFile; fileRef = FB588342183A115F001D7E29 /* Foundation.framework */; };
		FB588345183A115F001D7E29 /* CoreGraphics.framework in Frameworks */ = {isa = PBXBuildFile; fileRef = FB588344183A115F001D7E29 /* CoreGraphics.framework */; };
		FB588347183A115F001D7E29 /* UIKit.framework in Frameworks */ = {isa = PBXBuildFile; fileRef = FB588346183A115F001D7E29 /* UIKit.framework */; };
		FB58834F183A115F001D7E29 /* main.m in Sources */ = {isa = PBXBuildFile; fileRef = FB58834E183A115F001D7E29 /* main.m */; };
		FB588353183A115F001D7E29 /* DeclarationAppDelegate.m in Sources */ = {isa = PBXBuildFile; fileRef = FB588352183A115F001D7E29 /* DeclarationAppDelegate.m */; };
		FB588356183A115F001D7E29 /* Main.storyboard in Resources */ = {isa = PBXBuildFile; fileRef = FB588354183A115F001D7E29 /* Main.storyboard */; };
		FB588359183A115F001D7E29 /* DeclarationViewController.m in Sources */ = {isa = PBXBuildFile; fileRef = FB588358183A115F001D7E29 /* DeclarationViewController.m */; };
		FB58835B183A115F001D7E29 /* Images.xcassets in Resources */ = {isa = PBXBuildFile; fileRef = FB58835A183A115F001D7E29 /* Images.xcassets */; };
		FB588362183A115F001D7E29 /* XCTest.framework in Frameworks */ = {isa = PBXBuildFile; fileRef = FB588361183A115F001D7E29 /* XCTest.framework */; };
		FB588363183A115F001D7E29 /* Foundation.framework in Frameworks */ = {isa = PBXBuildFile; fileRef = FB588342183A115F001D7E29 /* Foundation.framework */; };
		FB588364183A115F001D7E29 /* UIKit.framework in Frameworks */ = {isa = PBXBuildFile; fileRef = FB588346183A115F001D7E29 /* UIKit.framework */; };
		FB58836E183A115F001D7E29 /* DeclarationTests.m in Sources */ = {isa = PBXBuildFile; fileRef = FB58836D183A115F001D7E29 /* DeclarationTests.m */; };
		FB588378183A172A001D7E29 /* MapKit.framework in Frameworks */ = {isa = PBXBuildFile; fileRef = FB588377183A172A001D7E29 /* MapKit.framework */; };
		FB58837B183A1881001D7E29 /* FormViewController.m in Sources */ = {isa = PBXBuildFile; fileRef = FB58837A183A1881001D7E29 /* FormViewController.m */; };
		FB58837E183A2850001D7E29 /* UITextView+Utils.m in Sources */ = {isa = PBXBuildFile; fileRef = FB58837D183A2850001D7E29 /* UITextView+Utils.m */; };
		FB588381183A2CC7001D7E29 /* UIColor+Utils.m in Sources */ = {isa = PBXBuildFile; fileRef = FB588380183A2CC7001D7E29 /* UIColor+Utils.m */; };
		FB588387183A70E9001D7E29 /* NSDate+Utils.m in Sources */ = {isa = PBXBuildFile; fileRef = FB588386183A70E9001D7E29 /* NSDate+Utils.m */; };
		FB58838A183A764B001D7E29 /* PageViewController.m in Sources */ = {isa = PBXBuildFile; fileRef = FB588389183A764B001D7E29 /* PageViewController.m */; };
		FB58838D183A791C001D7E29 /* PhotoViewController.m in Sources */ = {isa = PBXBuildFile; fileRef = FB58838C183A791C001D7E29 /* PhotoViewController.m */; };
		FB836C48183FA1F6002A86AC /* Car.m in Sources */ = {isa = PBXBuildFile; fileRef = FB836C47183FA1F6002A86AC /* Car.m */; };
		FBBE60721850D05C008C579E /* DirectionAnnotation.m in Sources */ = {isa = PBXBuildFile; fileRef = FBBE60711850D05C008C579E /* DirectionAnnotation.m */; };
		FBF034CF1844ABF700DF83B1 /* AnnotationTableViewCell.m in Sources */ = {isa = PBXBuildFile; fileRef = FBF034CE1844ABF700DF83B1 /* AnnotationTableViewCell.m */; };
		FBF034D21844E20D00DF83B1 /* CarAnnotation.m in Sources */ = {isa = PBXBuildFile; fileRef = FBF034D11844E20D00DF83B1 /* CarAnnotation.m */; };
		FBF0351C1846210400DF83B1 /* PageViewControllerDataSource.m in Sources */ = {isa = PBXBuildFile; fileRef = FBF0351B1846210400DF83B1 /* PageViewControllerDataSource.m */; };
/* End PBXBuildFile section */

/* Begin PBXContainerItemProxy section */
		FB588365183A115F001D7E29 /* PBXContainerItemProxy */ = {
			isa = PBXContainerItemProxy;
			containerPortal = FB588337183A115F001D7E29 /* Project object */;
			proxyType = 1;
			remoteGlobalIDString = FB58833E183A115F001D7E29;
			remoteInfo = Declaration;
		};
/* End PBXContainerItemProxy section */

/* Begin PBXFileReference section */
		D2AE711A183AB37600551ECC /* MapViewController.h */ = {isa = PBXFileReference; fileEncoding = 4; lastKnownFileType = sourcecode.c.h; path = MapViewController.h; sourceTree = "<group>"; };
		D2AE711B183AB37600551ECC /* MapViewController.m */ = {isa = PBXFileReference; fileEncoding = 4; lastKnownFileType = sourcecode.c.objc; path = MapViewController.m; sourceTree = "<group>"; };
		FB2042F9184388DE00E1D46A /* AnnotationTableViewController.h */ = {isa = PBXFileReference; fileEncoding = 4; lastKnownFileType = sourcecode.c.h; path = AnnotationTableViewController.h; sourceTree = "<group>"; };
		FB2042FA184388DE00E1D46A /* AnnotationTableViewController.m */ = {isa = PBXFileReference; fileEncoding = 4; lastKnownFileType = sourcecode.c.objc; path = AnnotationTableViewController.m; sourceTree = "<group>"; };
		FB24DEB4183E37E4003262CB /* Declaration.h */ = {isa = PBXFileReference; fileEncoding = 4; lastKnownFileType = sourcecode.c.h; path = Declaration.h; sourceTree = "<group>"; };
		FB24DEB5183E37E4003262CB /* Declaration.m */ = {isa = PBXFileReference; fileEncoding = 4; lastKnownFileType = sourcecode.c.objc; path = Declaration.m; sourceTree = "<group>"; };
		FB526A52183BA3E3007AB734 /* UIImage+ImageEffects.h */ = {isa = PBXFileReference; fileEncoding = 4; lastKnownFileType = sourcecode.c.h; path = "UIImage+ImageEffects.h"; sourceTree = "<group>"; };
		FB526A53183BA3E3007AB734 /* UIImage+ImageEffects.m */ = {isa = PBXFileReference; fileEncoding = 4; lastKnownFileType = sourcecode.c.objc; path = "UIImage+ImageEffects.m"; sourceTree = "<group>"; };
		FB526A5C183CF330007AB734 /* fr */ = {isa = PBXFileReference; lastKnownFileType = text.plist.strings; name = fr; path = fr.lproj/Localizable.strings; sourceTree = "<group>"; };
		FB526A61183CF3FD007AB734 /* fr */ = {isa = PBXFileReference; lastKnownFileType = file.storyboard; name = fr; path = fr.lproj/Main.storyboard; sourceTree = "<group>"; };
		FB58833F183A115F001D7E29 /* Declaration.app */ = {isa = PBXFileReference; explicitFileType = wrapper.application; includeInIndex = 0; path = Declaration.app; sourceTree = BUILT_PRODUCTS_DIR; };
		FB588342183A115F001D7E29 /* Foundation.framework */ = {isa = PBXFileReference; lastKnownFileType = wrapper.framework; name = Foundation.framework; path = System/Library/Frameworks/Foundation.framework; sourceTree = SDKROOT; };
		FB588344183A115F001D7E29 /* CoreGraphics.framework */ = {isa = PBXFileReference; lastKnownFileType = wrapper.framework; name = CoreGraphics.framework; path = System/Library/Frameworks/CoreGraphics.framework; sourceTree = SDKROOT; };
		FB588346183A115F001D7E29 /* UIKit.framework */ = {isa = PBXFileReference; lastKnownFileType = wrapper.framework; name = UIKit.framework; path = System/Library/Frameworks/UIKit.framework; sourceTree = SDKROOT; };
		FB58834A183A115F001D7E29 /* Declaration-Info.plist */ = {isa = PBXFileReference; lastKnownFileType = text.plist.xml; path = "Declaration-Info.plist"; sourceTree = "<group>"; };
		FB58834E183A115F001D7E29 /* main.m */ = {isa = PBXFileReference; lastKnownFileType = sourcecode.c.objc; path = main.m; sourceTree = "<group>"; };
		FB588350183A115F001D7E29 /* Declaration-Prefix.pch */ = {isa = PBXFileReference; lastKnownFileType = sourcecode.c.h; path = "Declaration-Prefix.pch"; sourceTree = "<group>"; };
		FB588351183A115F001D7E29 /* DeclarationAppDelegate.h */ = {isa = PBXFileReference; lastKnownFileType = sourcecode.c.h; path = DeclarationAppDelegate.h; sourceTree = "<group>"; };
		FB588352183A115F001D7E29 /* DeclarationAppDelegate.m */ = {isa = PBXFileReference; lastKnownFileType = sourcecode.c.objc; path = DeclarationAppDelegate.m; sourceTree = "<group>"; };
		FB588357183A115F001D7E29 /* DeclarationViewController.h */ = {isa = PBXFileReference; lastKnownFileType = sourcecode.c.h; path = DeclarationViewController.h; sourceTree = "<group>"; };
		FB588358183A115F001D7E29 /* DeclarationViewController.m */ = {isa = PBXFileReference; lastKnownFileType = sourcecode.c.objc; path = DeclarationViewController.m; sourceTree = "<group>"; };
		FB58835A183A115F001D7E29 /* Images.xcassets */ = {isa = PBXFileReference; lastKnownFileType = folder.assetcatalog; path = Images.xcassets; sourceTree = "<group>"; };
		FB588360183A115F001D7E29 /* DeclarationTests.xctest */ = {isa = PBXFileReference; explicitFileType = wrapper.cfbundle; includeInIndex = 0; path = DeclarationTests.xctest; sourceTree = BUILT_PRODUCTS_DIR; };
		FB588361183A115F001D7E29 /* XCTest.framework */ = {isa = PBXFileReference; lastKnownFileType = wrapper.framework; name = XCTest.framework; path = Library/Frameworks/XCTest.framework; sourceTree = DEVELOPER_DIR; };
		FB588369183A115F001D7E29 /* DeclarationTests-Info.plist */ = {isa = PBXFileReference; lastKnownFileType = text.plist.xml; path = "DeclarationTests-Info.plist"; sourceTree = "<group>"; };
		FB58836D183A115F001D7E29 /* DeclarationTests.m */ = {isa = PBXFileReference; lastKnownFileType = sourcecode.c.objc; path = DeclarationTests.m; sourceTree = "<group>"; };
		FB588377183A172A001D7E29 /* MapKit.framework */ = {isa = PBXFileReference; lastKnownFileType = wrapper.framework; name = MapKit.framework; path = System/Library/Frameworks/MapKit.framework; sourceTree = SDKROOT; };
		FB588379183A1881001D7E29 /* FormViewController.h */ = {isa = PBXFileReference; fileEncoding = 4; lastKnownFileType = sourcecode.c.h; path = FormViewController.h; sourceTree = "<group>"; };
		FB58837A183A1881001D7E29 /* FormViewController.m */ = {isa = PBXFileReference; fileEncoding = 4; lastKnownFileType = sourcecode.c.objc; path = FormViewController.m; sourceTree = "<group>"; };
		FB58837C183A2850001D7E29 /* UITextView+Utils.h */ = {isa = PBXFileReference; fileEncoding = 4; lastKnownFileType = sourcecode.c.h; path = "UITextView+Utils.h"; sourceTree = "<group>"; };
		FB58837D183A2850001D7E29 /* UITextView+Utils.m */ = {isa = PBXFileReference; fileEncoding = 4; lastKnownFileType = sourcecode.c.objc; path = "UITextView+Utils.m"; sourceTree = "<group>"; };
		FB58837F183A2CC7001D7E29 /* UIColor+Utils.h */ = {isa = PBXFileReference; fileEncoding = 4; lastKnownFileType = sourcecode.c.h; path = "UIColor+Utils.h"; sourceTree = "<group>"; };
		FB588380183A2CC7001D7E29 /* UIColor+Utils.m */ = {isa = PBXFileReference; fileEncoding = 4; lastKnownFileType = sourcecode.c.objc; path = "UIColor+Utils.m"; sourceTree = "<group>"; };
		FB588385183A70E9001D7E29 /* NSDate+Utils.h */ = {isa = PBXFileReference; fileEncoding = 4; lastKnownFileType = sourcecode.c.h; path = "NSDate+Utils.h"; sourceTree = "<group>"; };
		FB588386183A70E9001D7E29 /* NSDate+Utils.m */ = {isa = PBXFileReference; fileEncoding = 4; lastKnownFileType = sourcecode.c.objc; path = "NSDate+Utils.m"; sourceTree = "<group>"; };
		FB588388183A764B001D7E29 /* PageViewController.h */ = {isa = PBXFileReference; fileEncoding = 4; lastKnownFileType = sourcecode.c.h; path = PageViewController.h; sourceTree = "<group>"; };
		FB588389183A764B001D7E29 /* PageViewController.m */ = {isa = PBXFileReference; fileEncoding = 4; lastKnownFileType = sourcecode.c.objc; path = PageViewController.m; sourceTree = "<group>"; };
		FB58838B183A791C001D7E29 /* PhotoViewController.h */ = {isa = PBXFileReference; fileEncoding = 4; lastKnownFileType = sourcecode.c.h; path = PhotoViewController.h; sourceTree = "<group>"; };
		FB58838C183A791C001D7E29 /* PhotoViewController.m */ = {isa = PBXFileReference; fileEncoding = 4; lastKnownFileType = sourcecode.c.objc; path = PhotoViewController.m; sourceTree = "<group>"; };
		FB836C46183FA1F6002A86AC /* Car.h */ = {isa = PBXFileReference; fileEncoding = 4; lastKnownFileType = sourcecode.c.h; path = Car.h; sourceTree = "<group>"; };
		FB836C47183FA1F6002A86AC /* Car.m */ = {isa = PBXFileReference; fileEncoding = 4; lastKnownFileType = sourcecode.c.objc; path = Car.m; sourceTree = "<group>"; };
		FBBE60701850D05C008C579E /* DirectionAnnotation.h */ = {isa = PBXFileReference; fileEncoding = 4; lastKnownFileType = sourcecode.c.h; path = DirectionAnnotation.h; sourceTree = "<group>"; };
		FBBE60711850D05C008C579E /* DirectionAnnotation.m */ = {isa = PBXFileReference; fileEncoding = 4; lastKnownFileType = sourcecode.c.objc; path = DirectionAnnotation.m; sourceTree = "<group>"; };
		FBF034CD1844ABF700DF83B1 /* AnnotationTableViewCell.h */ = {isa = PBXFileReference; fileEncoding = 4; lastKnownFileType = sourcecode.c.h; path = AnnotationTableViewCell.h; sourceTree = "<group>"; };
		FBF034CE1844ABF700DF83B1 /* AnnotationTableViewCell.m */ = {isa = PBXFileReference; fileEncoding = 4; lastKnownFileType = sourcecode.c.objc; path = AnnotationTableViewCell.m; sourceTree = "<group>"; };
		FBF034D01844E20D00DF83B1 /* CarAnnotation.h */ = {isa = PBXFileReference; fileEncoding = 4; lastKnownFileType = sourcecode.c.h; path = CarAnnotation.h; sourceTree = "<group>"; };
		FBF034D11844E20D00DF83B1 /* CarAnnotation.m */ = {isa = PBXFileReference; fileEncoding = 4; lastKnownFileType = sourcecode.c.objc; path = CarAnnotation.m; sourceTree = "<group>"; };
		FBF0351A1846210400DF83B1 /* PageViewControllerDataSource.h */ = {isa = PBXFileReference; fileEncoding = 4; lastKnownFileType = sourcecode.c.h; path = PageViewControllerDataSource.h; sourceTree = "<group>"; };
		FBF0351B1846210400DF83B1 /* PageViewControllerDataSource.m */ = {isa = PBXFileReference; fileEncoding = 4; lastKnownFileType = sourcecode.c.objc; path = PageViewControllerDataSource.m; sourceTree = "<group>"; };
/* End PBXFileReference section */

/* Begin PBXFrameworksBuildPhase section */
		FB58833C183A115F001D7E29 /* Frameworks */ = {
			isa = PBXFrameworksBuildPhase;
			buildActionMask = 2147483647;
			files = (
				FB588378183A172A001D7E29 /* MapKit.framework in Frameworks */,
				FB588345183A115F001D7E29 /* CoreGraphics.framework in Frameworks */,
				FB588347183A115F001D7E29 /* UIKit.framework in Frameworks */,
				FB588343183A115F001D7E29 /* Foundation.framework in Frameworks */,
			);
			runOnlyForDeploymentPostprocessing = 0;
		};
		FB58835D183A115F001D7E29 /* Frameworks */ = {
			isa = PBXFrameworksBuildPhase;
			buildActionMask = 2147483647;
			files = (
				FB588362183A115F001D7E29 /* XCTest.framework in Frameworks */,
				FB588364183A115F001D7E29 /* UIKit.framework in Frameworks */,
				FB588363183A115F001D7E29 /* Foundation.framework in Frameworks */,
			);
			runOnlyForDeploymentPostprocessing = 0;
		};
/* End PBXFrameworksBuildPhase section */

/* Begin PBXGroup section */
		FB24DEB3183E378B003262CB /* Models */ = {
			isa = PBXGroup;
			children = (
				FB24DEB4183E37E4003262CB /* Declaration.h */,
				FB24DEB5183E37E4003262CB /* Declaration.m */,
				FB836C46183FA1F6002A86AC /* Car.h */,
				FB836C47183FA1F6002A86AC /* Car.m */,
			);
			path = Models;
			sourceTree = "<group>";
		};
		FB588336183A115F001D7E29 = {
			isa = PBXGroup;
			children = (
				FB588348183A115F001D7E29 /* Declaration */,
				FB588367183A115F001D7E29 /* DeclarationTests */,
				FB588341183A115F001D7E29 /* Frameworks */,
				FB588340183A115F001D7E29 /* Products */,
			);
			sourceTree = "<group>";
		};
		FB588340183A115F001D7E29 /* Products */ = {
			isa = PBXGroup;
			children = (
				FB58833F183A115F001D7E29 /* Declaration.app */,
				FB588360183A115F001D7E29 /* DeclarationTests.xctest */,
			);
			name = Products;
			sourceTree = "<group>";
		};
		FB588341183A115F001D7E29 /* Frameworks */ = {
			isa = PBXGroup;
			children = (
				FB588377183A172A001D7E29 /* MapKit.framework */,
				FB588342183A115F001D7E29 /* Foundation.framework */,
				FB588344183A115F001D7E29 /* CoreGraphics.framework */,
				FB588346183A115F001D7E29 /* UIKit.framework */,
				FB588361183A115F001D7E29 /* XCTest.framework */,
			);
			name = Frameworks;
			sourceTree = "<group>";
		};
		FB588348183A115F001D7E29 /* Declaration */ = {
			isa = PBXGroup;
			children = (
				FBF034CD1844ABF700DF83B1 /* AnnotationTableViewCell.h */,
				FBF034CE1844ABF700DF83B1 /* AnnotationTableViewCell.m */,
				FB2042F9184388DE00E1D46A /* AnnotationTableViewController.h */,
				FB2042FA184388DE00E1D46A /* AnnotationTableViewController.m */,
				FBF034D01844E20D00DF83B1 /* CarAnnotation.h */,
				FBF034D11844E20D00DF83B1 /* CarAnnotation.m */,
				FBBE60701850D05C008C579E /* DirectionAnnotation.h */,
				FBBE60711850D05C008C579E /* DirectionAnnotation.m */,
				FB588351183A115F001D7E29 /* DeclarationAppDelegate.h */,
				FB588352183A115F001D7E29 /* DeclarationAppDelegate.m */,
				FB588357183A115F001D7E29 /* DeclarationViewController.h */,
				FB588358183A115F001D7E29 /* DeclarationViewController.m */,
				FB588379183A1881001D7E29 /* FormViewController.h */,
				FB58837A183A1881001D7E29 /* FormViewController.m */,
				FB58835A183A115F001D7E29 /* Images.xcassets */,
				FB588354183A115F001D7E29 /* Main.storyboard */,
				D2AE711A183AB37600551ECC /* MapViewController.h */,
				D2AE711B183AB37600551ECC /* MapViewController.m */,
				FB24DEB3183E378B003262CB /* Models */,
				FB588385183A70E9001D7E29 /* NSDate+Utils.h */,
				FB588386183A70E9001D7E29 /* NSDate+Utils.m */,
				FB588388183A764B001D7E29 /* PageViewController.h */,
				FB588389183A764B001D7E29 /* PageViewController.m */,
				FBF0351A1846210400DF83B1 /* PageViewControllerDataSource.h */,
				FBF0351B1846210400DF83B1 /* PageViewControllerDataSource.m */,
				FB58838B183A791C001D7E29 /* PhotoViewController.h */,
				FB58838C183A791C001D7E29 /* PhotoViewController.m */,
				FB588349183A115F001D7E29 /* Supporting Files */,
				FB58837F183A2CC7001D7E29 /* UIColor+Utils.h */,
				FB588380183A2CC7001D7E29 /* UIColor+Utils.m */,
				FB526A52183BA3E3007AB734 /* UIImage+ImageEffects.h */,
				FB526A53183BA3E3007AB734 /* UIImage+ImageEffects.m */,
				FB58837C183A2850001D7E29 /* UITextView+Utils.h */,
				FB58837D183A2850001D7E29 /* UITextView+Utils.m */,
			);
			path = Declaration;
			sourceTree = "<group>";
		};
		FB588349183A115F001D7E29 /* Supporting Files */ = {
			isa = PBXGroup;
			children = (
				FB58834A183A115F001D7E29 /* Declaration-Info.plist */,
				FB58834E183A115F001D7E29 /* main.m */,
				FB588350183A115F001D7E29 /* Declaration-Prefix.pch */,
				FB526A5A183CF2D7007AB734 /* Localizable.strings */,
			);
			name = "Supporting Files";
			sourceTree = "<group>";
		};
		FB588367183A115F001D7E29 /* DeclarationTests */ = {
			isa = PBXGroup;
			children = (
				FB58836D183A115F001D7E29 /* DeclarationTests.m */,
				FB588368183A115F001D7E29 /* Supporting Files */,
			);
			path = DeclarationTests;
			sourceTree = "<group>";
		};
		FB588368183A115F001D7E29 /* Supporting Files */ = {
			isa = PBXGroup;
			children = (
				FB588369183A115F001D7E29 /* DeclarationTests-Info.plist */,
			);
			name = "Supporting Files";
			sourceTree = "<group>";
		};
/* End PBXGroup section */

/* Begin PBXNativeTarget section */
		FB58833E183A115F001D7E29 /* Declaration */ = {
			isa = PBXNativeTarget;
			buildConfigurationList = FB588371183A115F001D7E29 /* Build configuration list for PBXNativeTarget "Declaration" */;
			buildPhases = (
				FB58833B183A115F001D7E29 /* Sources */,
				FB58833C183A115F001D7E29 /* Frameworks */,
				FB58833D183A115F001D7E29 /* Resources */,
			);
			buildRules = (
			);
			dependencies = (
			);
			name = Declaration;
			productName = Declaration;
			productReference = FB58833F183A115F001D7E29 /* Declaration.app */;
			productType = "com.apple.product-type.application";
		};
		FB58835F183A115F001D7E29 /* DeclarationTests */ = {
			isa = PBXNativeTarget;
			buildConfigurationList = FB588374183A115F001D7E29 /* Build configuration list for PBXNativeTarget "DeclarationTests" */;
			buildPhases = (
				FB58835C183A115F001D7E29 /* Sources */,
				FB58835D183A115F001D7E29 /* Frameworks */,
				FB58835E183A115F001D7E29 /* Resources */,
			);
			buildRules = (
			);
			dependencies = (
				FB588366183A115F001D7E29 /* PBXTargetDependency */,
			);
			name = DeclarationTests;
			productName = DeclarationTests;
			productReference = FB588360183A115F001D7E29 /* DeclarationTests.xctest */;
			productType = "com.apple.product-type.bundle.unit-test";
		};
/* End PBXNativeTarget section */

/* Begin PBXProject section */
		FB588337183A115F001D7E29 /* Project object */ = {
			isa = PBXProject;
			attributes = {
				LastUpgradeCheck = 0500;
				ORGANIZATIONNAME = "Kien Nguyen";
				TargetAttributes = {
					FB58835F183A115F001D7E29 = {
						TestTargetID = FB58833E183A115F001D7E29;
					};
				};
			};
			buildConfigurationList = FB58833A183A115F001D7E29 /* Build configuration list for PBXProject "Declaration" */;
			compatibilityVersion = "Xcode 3.2";
			developmentRegion = English;
			hasScannedForEncodings = 0;
			knownRegions = (
				en,
				Base,
				fr,
			);
			mainGroup = FB588336183A115F001D7E29;
			productRefGroup = FB588340183A115F001D7E29 /* Products */;
			projectDirPath = "";
			projectRoot = "";
			targets = (
				FB58833E183A115F001D7E29 /* Declaration */,
				FB58835F183A115F001D7E29 /* DeclarationTests */,
			);
		};
/* End PBXProject section */

/* Begin PBXResourcesBuildPhase section */
		FB58833D183A115F001D7E29 /* Resources */ = {
			isa = PBXResourcesBuildPhase;
			buildActionMask = 2147483647;
			files = (
				FB58835B183A115F001D7E29 /* Images.xcassets in Resources */,
				FB526A58183CF2D7007AB734 /* Localizable.strings in Resources */,
				FB588356183A115F001D7E29 /* Main.storyboard in Resources */,
			);
			runOnlyForDeploymentPostprocessing = 0;
		};
		FB58835E183A115F001D7E29 /* Resources */ = {
			isa = PBXResourcesBuildPhase;
			buildActionMask = 2147483647;
			files = (
			);
			runOnlyForDeploymentPostprocessing = 0;
		};
/* End PBXResourcesBuildPhase section */

/* Begin PBXSourcesBuildPhase section */
		FB58833B183A115F001D7E29 /* Sources */ = {
			isa = PBXSourcesBuildPhase;
			buildActionMask = 2147483647;
			files = (
				FB58838A183A764B001D7E29 /* PageViewController.m in Sources */,
				FB588359183A115F001D7E29 /* DeclarationViewController.m in Sources */,
				FB2042FB184388DE00E1D46A /* AnnotationTableViewController.m in Sources */,
				FB588381183A2CC7001D7E29 /* UIColor+Utils.m in Sources */,
				FB588353183A115F001D7E29 /* DeclarationAppDelegate.m in Sources */,
				FB836C48183FA1F6002A86AC /* Car.m in Sources */,
				FB526A54183BA3E3007AB734 /* UIImage+ImageEffects.m in Sources */,
				FB588387183A70E9001D7E29 /* NSDate+Utils.m in Sources */,
				FB24DEB6183E37E4003262CB /* Declaration.m in Sources */,
				FB58837B183A1881001D7E29 /* FormViewController.m in Sources */,
				FB58838D183A791C001D7E29 /* PhotoViewController.m in Sources */,
				FBF0351C1846210400DF83B1 /* PageViewControllerDataSource.m in Sources */,
				FBF034D21844E20D00DF83B1 /* CarAnnotation.m in Sources */,
				D2AE711C183AB37600551ECC /* MapViewController.m in Sources */,
				FB58837E183A2850001D7E29 /* UITextView+Utils.m in Sources */,
				FBBE60721850D05C008C579E /* DirectionAnnotation.m in Sources */,
				FB58834F183A115F001D7E29 /* main.m in Sources */,
				FBF034CF1844ABF700DF83B1 /* AnnotationTableViewCell.m in Sources */,
			);
			runOnlyForDeploymentPostprocessing = 0;
		};
		FB58835C183A115F001D7E29 /* Sources */ = {
			isa = PBXSourcesBuildPhase;
			buildActionMask = 2147483647;
			files = (
				FB58836E183A115F001D7E29 /* DeclarationTests.m in Sources */,
			);
			runOnlyForDeploymentPostprocessing = 0;
		};
/* End PBXSourcesBuildPhase section */

/* Begin PBXTargetDependency section */
		FB588366183A115F001D7E29 /* PBXTargetDependency */ = {
			isa = PBXTargetDependency;
			target = FB58833E183A115F001D7E29 /* Declaration */;
			targetProxy = FB588365183A115F001D7E29 /* PBXContainerItemProxy */;
		};
/* End PBXTargetDependency section */

/* Begin PBXVariantGroup section */
		FB526A5A183CF2D7007AB734 /* Localizable.strings */ = {
			isa = PBXVariantGroup;
			children = (
				FB526A5C183CF330007AB734 /* fr */,
			);
			name = Localizable.strings;
			sourceTree = "<group>";
		};
		FB588354183A115F001D7E29 /* Main.storyboard */ = {
			isa = PBXVariantGroup;
			children = (
				FB526A61183CF3FD007AB734 /* fr */,
			);
			name = Main.storyboard;
			sourceTree = "<group>";
		};
/* End PBXVariantGroup section */

/* Begin XCBuildConfiguration section */
		FB58836F183A115F001D7E29 /* Debug */ = {
			isa = XCBuildConfiguration;
			buildSettings = {
				ALWAYS_SEARCH_USER_PATHS = NO;
				ARCHS = "$(ARCHS_STANDARD_INCLUDING_64_BIT)";
				CLANG_CXX_LANGUAGE_STANDARD = "gnu++0x";
				CLANG_CXX_LIBRARY = "libc++";
				CLANG_ENABLE_MODULES = YES;
				CLANG_ENABLE_OBJC_ARC = YES;
				CLANG_WARN_BOOL_CONVERSION = YES;
				CLANG_WARN_CONSTANT_CONVERSION = YES;
				CLANG_WARN_DIRECT_OBJC_ISA_USAGE = YES_ERROR;
				CLANG_WARN_EMPTY_BODY = YES;
				CLANG_WARN_ENUM_CONVERSION = YES;
				CLANG_WARN_INT_CONVERSION = YES;
				CLANG_WARN_OBJC_ROOT_CLASS = YES_ERROR;
				CLANG_WARN__DUPLICATE_METHOD_MATCH = YES;
				CODE_SIGN_IDENTITY = "iPhone Developer";
				"CODE_SIGN_IDENTITY[sdk=iphoneos*]" = "iPhone Developer";
				COPY_PHASE_STRIP = NO;
				GCC_C_LANGUAGE_STANDARD = gnu99;
				GCC_DYNAMIC_NO_PIC = NO;
				GCC_OPTIMIZATION_LEVEL = 0;
				GCC_PREPROCESSOR_DEFINITIONS = (
					"DEBUG=1",
					"$(inherited)",
				);
				GCC_SYMBOLS_PRIVATE_EXTERN = NO;
				GCC_WARN_64_TO_32_BIT_CONVERSION = YES;
				GCC_WARN_ABOUT_RETURN_TYPE = YES_ERROR;
				GCC_WARN_UNDECLARED_SELECTOR = YES;
				GCC_WARN_UNINITIALIZED_AUTOS = YES;
				GCC_WARN_UNUSED_FUNCTION = YES;
				GCC_WARN_UNUSED_VARIABLE = YES;
				IPHONEOS_DEPLOYMENT_TARGET = 7.0;
				ONLY_ACTIVE_ARCH = YES;
				SDKROOT = iphoneos;
				TARGETED_DEVICE_FAMILY = 2;
			};
			name = Debug;
		};
		FB588370183A115F001D7E29 /* Release */ = {
			isa = XCBuildConfiguration;
			buildSettings = {
				ALWAYS_SEARCH_USER_PATHS = NO;
				ARCHS = "$(ARCHS_STANDARD_INCLUDING_64_BIT)";
				CLANG_CXX_LANGUAGE_STANDARD = "gnu++0x";
				CLANG_CXX_LIBRARY = "libc++";
				CLANG_ENABLE_MODULES = YES;
				CLANG_ENABLE_OBJC_ARC = YES;
				CLANG_WARN_BOOL_CONVERSION = YES;
				CLANG_WARN_CONSTANT_CONVERSION = YES;
				CLANG_WARN_DIRECT_OBJC_ISA_USAGE = YES_ERROR;
				CLANG_WARN_EMPTY_BODY = YES;
				CLANG_WARN_ENUM_CONVERSION = YES;
				CLANG_WARN_INT_CONVERSION = YES;
				CLANG_WARN_OBJC_ROOT_CLASS = YES_ERROR;
				CLANG_WARN__DUPLICATE_METHOD_MATCH = YES;
				CODE_SIGN_IDENTITY = "iPhone Developer";
				"CODE_SIGN_IDENTITY[sdk=iphoneos*]" = "iPhone Developer";
				COPY_PHASE_STRIP = YES;
				ENABLE_NS_ASSERTIONS = NO;
				GCC_C_LANGUAGE_STANDARD = gnu99;
				GCC_WARN_64_TO_32_BIT_CONVERSION = YES;
				GCC_WARN_ABOUT_RETURN_TYPE = YES_ERROR;
				GCC_WARN_UNDECLARED_SELECTOR = YES;
				GCC_WARN_UNINITIALIZED_AUTOS = YES;
				GCC_WARN_UNUSED_FUNCTION = YES;
				GCC_WARN_UNUSED_VARIABLE = YES;
				IPHONEOS_DEPLOYMENT_TARGET = 7.0;
				SDKROOT = iphoneos;
				TARGETED_DEVICE_FAMILY = 2;
				VALIDATE_PRODUCT = YES;
			};
			name = Release;
		};
		FB588372183A115F001D7E29 /* Debug */ = {
			isa = XCBuildConfiguration;
			buildSettings = {
				ASSETCATALOG_COMPILER_APPICON_NAME = AppIcon;
				ASSETCATALOG_COMPILER_LAUNCHIMAGE_NAME = LaunchImage;
				GCC_PRECOMPILE_PREFIX_HEADER = YES;
				GCC_PREFIX_HEADER = "Declaration/Declaration-Prefix.pch";
				INFOPLIST_FILE = "Declaration/Declaration-Info.plist";
				PRODUCT_NAME = "$(TARGET_NAME)";
				WRAPPER_EXTENSION = app;
			};
			name = Debug;
		};
		FB588373183A115F001D7E29 /* Release */ = {
			isa = XCBuildConfiguration;
			buildSettings = {
				ASSETCATALOG_COMPILER_APPICON_NAME = AppIcon;
				ASSETCATALOG_COMPILER_LAUNCHIMAGE_NAME = LaunchImage;
				GCC_PRECOMPILE_PREFIX_HEADER = YES;
				GCC_PREFIX_HEADER = "Declaration/Declaration-Prefix.pch";
				INFOPLIST_FILE = "Declaration/Declaration-Info.plist";
				PRODUCT_NAME = "$(TARGET_NAME)";
				WRAPPER_EXTENSION = app;
			};
			name = Release;
		};
		FB588375183A115F001D7E29 /* Debug */ = {
			isa = XCBuildConfiguration;
			buildSettings = {
				ARCHS = "$(ARCHS_STANDARD_INCLUDING_64_BIT)";
				BUNDLE_LOADER = "$(BUILT_PRODUCTS_DIR)/Declaration.app/Declaration";
				FRAMEWORK_SEARCH_PATHS = (
					"$(SDKROOT)/Developer/Library/Frameworks",
					"$(inherited)",
					"$(DEVELOPER_FRAMEWORKS_DIR)",
				);
				GCC_PRECOMPILE_PREFIX_HEADER = YES;
				GCC_PREFIX_HEADER = "Declaration/Declaration-Prefix.pch";
				GCC_PREPROCESSOR_DEFINITIONS = (
					"DEBUG=1",
					"$(inherited)",
				);
				INFOPLIST_FILE = "DeclarationTests/DeclarationTests-Info.plist";
				PRODUCT_NAME = "$(TARGET_NAME)";
				TEST_HOST = "$(BUNDLE_LOADER)";
				WRAPPER_EXTENSION = xctest;
			};
			name = Debug;
		};
		FB588376183A115F001D7E29 /* Release */ = {
			isa = XCBuildConfiguration;
			buildSettings = {
				ARCHS = "$(ARCHS_STANDARD_INCLUDING_64_BIT)";
				BUNDLE_LOADER = "$(BUILT_PRODUCTS_DIR)/Declaration.app/Declaration";
				FRAMEWORK_SEARCH_PATHS = (
					"$(SDKROOT)/Developer/Library/Frameworks",
					"$(inherited)",
					"$(DEVELOPER_FRAMEWORKS_DIR)",
				);
				GCC_PRECOMPILE_PREFIX_HEADER = YES;
				GCC_PREFIX_HEADER = "Declaration/Declaration-Prefix.pch";
				INFOPLIST_FILE = "DeclarationTests/DeclarationTests-Info.plist";
				PRODUCT_NAME = "$(TARGET_NAME)";
				TEST_HOST = "$(BUNDLE_LOADER)";
				WRAPPER_EXTENSION = xctest;
			};
			name = Release;
		};
/* End XCBuildConfiguration section */

/* Begin XCConfigurationList section */
		FB58833A183A115F001D7E29 /* Build configuration list for PBXProject "Declaration" */ = {
			isa = XCConfigurationList;
			buildConfigurations = (
				FB58836F183A115F001D7E29 /* Debug */,
				FB588370183A115F001D7E29 /* Release */,
			);
			defaultConfigurationIsVisible = 0;
			defaultConfigurationName = Release;
		};
		FB588371183A115F001D7E29 /* Build configuration list for PBXNativeTarget "Declaration" */ = {
			isa = XCConfigurationList;
			buildConfigurations = (
				FB588372183A115F001D7E29 /* Debug */,
				FB588373183A115F001D7E29 /* Release */,
			);
			defaultConfigurationIsVisible = 0;
			defaultConfigurationName = Release;
		};
		FB588374183A115F001D7E29 /* Build configuration list for PBXNativeTarget "DeclarationTests" */ = {
			isa = XCConfigurationList;
			buildConfigurations = (
				FB588375183A115F001D7E29 /* Debug */,
				FB588376183A115F001D7E29 /* Release */,
			);
			defaultConfigurationIsVisible = 0;
			defaultConfigurationName = Release;
		};
/* End XCConfigurationList section */
	};
	rootObject = FB588337183A115F001D7E29 /* Project object */;
}
